
Microsoft Visual Studio Solution File, Format Version 12.00
# Visual Studio Version 17
VisualStudioVersion = 17.4.33205.214
MinimumVisualStudioVersion = 10.0.40219.1
Project("{9A19103F-16F7-4668-BE54-9A1E7A4F7556}") = "PemukulPaku", "PemukulPaku.csproj", "{7D6FBA7C-137B-43A9-B7CE-0932277AC202}"
EndProject
Project("{9A19103F-16F7-4668-BE54-9A1E7A4F7556}") = "Common", "Common\Common.csproj", "{226D0356-65DE-4DBD-9FF4-7D4B527B02E0}"
EndProject
Project("{FAE04EC0-301F-11D3-BF4B-00C04F79EFBC}") = "HttpServer", "HttpServer\HttpServer.csproj", "{DA5FFC52-14BB-44ED-B8EA-54012279F644}"
EndProject
Global
	GlobalSection(SolutionConfigurationPlatforms) = preSolution
		Debug|Any CPU = Debug|Any CPU
		Release|Any CPU = Release|Any CPU
	EndGlobalSection
	GlobalSection(ProjectConfigurationPlatforms) = postSolution
		{7D6FBA7C-137B-43A9-B7CE-0932277AC202}.Debug|Any CPU.ActiveCfg = Debug|Any CPU
		{7D6FBA7C-137B-43A9-B7CE-0932277AC202}.Debug|Any CPU.Build.0 = Debug|Any CPU
		{7D6FBA7C-137B-43A9-B7CE-0932277AC202}.Release|Any CPU.ActiveCfg = Release|Any CPU
		{7D6FBA7C-137B-43A9-B7CE-0932277AC202}.Release|Any CPU.Build.0 = Release|Any CPU
		{226D0356-65DE-4DBD-9FF4-7D4B527B02E0}.Debug|Any CPU.ActiveCfg = Debug|Any CPU
		{226D0356-65DE-4DBD-9FF4-7D4B527B02E0}.Debug|Any CPU.Build.0 = Debug|Any CPU
		{226D0356-65DE-4DBD-9FF4-7D4B527B02E0}.Release|Any CPU.ActiveCfg = Release|Any CPU
		{226D0356-65DE-4DBD-9FF4-7D4B527B02E0}.Release|Any CPU.Build.0 = Release|Any CPU
		{DA5FFC52-14BB-44ED-B8EA-54012279F644}.Debug|Any CPU.ActiveCfg = Debug|Any CPU
		{DA5FFC52-14BB-44ED-B8EA-54012279F644}.Debug|Any CPU.Build.0 = Debug|Any CPU
		{DA5FFC52-14BB-44ED-B8EA-54012279F644}.Release|Any CPU.ActiveCfg = Release|Any CPU
		{DA5FFC52-14BB-44ED-B8EA-54012279F644}.Release|Any CPU.Build.0 = Release|Any CPU
	EndGlobalSection
	GlobalSection(SolutionProperties) = preSolution
		HideSolutionNode = FALSE
	EndGlobalSection
	GlobalSection(ExtensibilityGlobals) = postSolution
		SolutionGuid = {899AE63B-ADA9-4F9F-B78D-B7B20546F58C}
	EndGlobalSection
EndGlobal
